
Microsoft Visual Studio Solution File, Format Version 12.00
# Visual Studio Version 17
VisualStudioVersion = 17.2.32630.192
MinimumVisualStudioVersion = 10.0.40219.1
Project("{FAE04EC0-301F-11D3-BF4B-00C04F79EFBC}") = "IP Csharp Date,MinMaxSum,Palindrome", "IP Csharp Date,MinMaxSum,Palindrome\IP Csharp Date,MinMaxSum,Palindrome.csproj", "{5EAAEC6A-8D7F-4C88-8FCF-3E323DCC6F7E}"
EndProject
Global
	GlobalSection(SolutionConfigurationPlatforms) = preSolution
		Debug|Any CPU = Debug|Any CPU
		Release|Any CPU = Release|Any CPU
	EndGlobalSection
	GlobalSection(ProjectConfigurationPlatforms) = postSolution
		{5EAAEC6A-8D7F-4C88-8FCF-3E323DCC6F7E}.Debug|Any CPU.ActiveCfg = Debug|Any CPU
		{5EAAEC6A-8D7F-4C88-8FCF-3E323DCC6F7E}.Debug|Any CPU.Build.0 = Debug|Any CPU
		{5EAAEC6A-8D7F-4C88-8FCF-3E323DCC6F7E}.Release|Any CPU.ActiveCfg = Release|Any CPU
		{5EAAEC6A-8D7F-4C88-8FCF-3E323DCC6F7E}.Release|Any CPU.Build.0 = Release|Any CPU
	EndGlobalSection
	GlobalSection(SolutionProperties) = preSolution
		HideSolutionNode = FALSE
	EndGlobalSection
	GlobalSection(ExtensibilityGlobals) = postSolution
		SolutionGuid = {4B6C7031-87F0-4107-91CC-D4743E0B5EEE}
	EndGlobalSection
EndGlobal
